
Microsoft Visual Studio Solution File, Format Version 12.00
# Visual Studio Version 18
VisualStudioVersion = 18.1.11304.174
MinimumVisualStudioVersion = 10.0.40219.1
Project("{9A19103F-16F7-4668-BE54-9A1E7A4F7556}") = "CryptoScanner.Core", "CryptoScanner.Core\CryptoScanner.Core.csproj", "{46D3C180-215F-4D23-A691-A8A8205E35A5}"
EndProject
Project("{FAE04EC0-301F-11D3-BF4B-00C04F79EFBC}") = "CryptoScanner.CoreTests", "CryptoScanner.CoreTests\CryptoScanner.CoreTests.csproj", "{2A46EE2A-926D-4CEA-916F-6E92A2740486}"
EndProject
Project("{FAE04EC0-301F-11D3-BF4B-00C04F79EFBC}") = "CryptoScanner", "CryptoScanner\CryptoScanner.csproj", "{CA0DCE06-3D5E-0160-DEDE-E6C1B719599B}"
EndProject
Project("{2150E333-8FDC-42A3-9474-1A3956D46DE8}") = "Solution Items", "Solution Items", "{3933FDB6-B503-4786-A74B-E434321F3C4A}"
	ProjectSection(SolutionItems) = preProject
		.editorconfig = .editorconfig
	EndProjectSection
EndProject
Project("{FAE04EC0-301F-11D3-BF4B-00C04F79EFBC}") = "CryptoScanner.Config", "CryptoScanner.Config\CryptoScanner.Config.csproj", "{61BF5C2D-60FD-00C9-5904-F636119665EC}"
EndProject
Project("{FAE04EC0-301F-11D3-BF4B-00C04F79EFBC}") = "CryptoScanner.Emulator", "CryptoScanner.Emulator\CryptoScanner.Emulator.csproj", "{51C87B6C-D9A6-471B-9EBE-C8E270C5B944}"
EndProject
Project("{FAE04EC0-301F-11D3-BF4B-00C04F79EFBC}") = "CryptoScanner.Chart", "CryptoScanner.Chart\CryptoScanner.Chart.csproj", "{9F7FF8BE-E50E-4987-9F97-2C8C01D172C3}"
EndProject
Project("{FAE04EC0-301F-11D3-BF4B-00C04F79EFBC}") = "CryptoScanner.Analyzers", "CryptoScanner.Analyzers\CryptoScanner.Analyzers.csproj", "{D195402F-8F56-4AD1-A4B5-0677B1DE2D72}"
EndProject
Project("{FAE04EC0-301F-11D3-BF4B-00C04F79EFBC}") = "CryptoScanner.Photino", "CryptoScanner.Photino\CryptoScanner.Photino.csproj", "{9CD5DD94-12B7-4390-B224-02EF2EB70290}"
EndProject
Project("{FAE04EC0-301F-11D3-BF4B-00C04F79EFBC}") = "CryptoScanner.UI", "CryptoScanner.UI\CryptoScanner.UI.csproj", "{DB789463-A263-44B5-AEC5-7F6FA0E8B74E}"
EndProject
Project("{FAE04EC0-301F-11D3-BF4B-00C04F79EFBC}") = "CryptoScanner.Web", "CryptoScanner.Web\CryptoScanner.Web.csproj", "{BA221526-AFC6-432E-AD32-A34CDDF2E4C6}"
EndProject
Project("{FAE04EC0-301F-11D3-BF4B-00C04F79EFBC}") = "CryptoScanner.Exchanges", "CryptoScanner.Exchanges\CryptoScanner.Exchanges.csproj", "{2F898A42-3ECD-43AE-8826-8076B658DDF4}"
EndProject
Global
	GlobalSection(SolutionConfigurationPlatforms) = preSolution
		Debug|Any CPU = Debug|Any CPU
		Debug|x64 = Debug|x64
		Debug|x86 = Debug|x86
		MaxOS-X-Debug|Any CPU = MaxOS-X-Debug|Any CPU
		MaxOS-X-Debug|x64 = MaxOS-X-Debug|x64
		MaxOS-X-Debug|x86 = MaxOS-X-Debug|x86
		Release|Any CPU = Release|Any CPU
		Release|x64 = Release|x64
		Release|x86 = Release|x86
	EndGlobalSection
	GlobalSection(ProjectConfigurationPlatforms) = postSolution
		{46D3C180-215F-4D23-A691-A8A8205E35A5}.Debug|Any CPU.ActiveCfg = Debug|Any CPU
		{46D3C180-215F-4D23-A691-A8A8205E35A5}.Debug|Any CPU.Build.0 = Debug|Any CPU
		{46D3C180-215F-4D23-A691-A8A8205E35A5}.Debug|x64.ActiveCfg = Debug|Any CPU
		{46D3C180-215F-4D23-A691-A8A8205E35A5}.Debug|x64.Build.0 = Debug|Any CPU
		{46D3C180-215F-4D23-A691-A8A8205E35A5}.Debug|x86.ActiveCfg = Debug|Any CPU
		{46D3C180-215F-4D23-A691-A8A8205E35A5}.Debug|x86.Build.0 = Debug|Any CPU
		{46D3C180-215F-4D23-A691-A8A8205E35A5}.MaxOS-X-Debug|Any CPU.ActiveCfg = MaxOS-X-Debug|Any CPU
		{46D3C180-215F-4D23-A691-A8A8205E35A5}.MaxOS-X-Debug|Any CPU.Build.0 = MaxOS-X-Debug|Any CPU
		{46D3C180-215F-4D23-A691-A8A8205E35A5}.MaxOS-X-Debug|x64.ActiveCfg = MaxOS-X-Debug|Any CPU
		{46D3C180-215F-4D23-A691-A8A8205E35A5}.MaxOS-X-Debug|x64.Build.0 = MaxOS-X-Debug|Any CPU
		{46D3C180-215F-4D23-A691-A8A8205E35A5}.MaxOS-X-Debug|x86.ActiveCfg = MaxOS-X-Debug|Any CPU
		{46D3C180-215F-4D23-A691-A8A8205E35A5}.MaxOS-X-Debug|x86.Build.0 = MaxOS-X-Debug|Any CPU
		{46D3C180-215F-4D23-A691-A8A8205E35A5}.Release|Any CPU.ActiveCfg = Release|Any CPU
		{46D3C180-215F-4D23-A691-A8A8205E35A5}.Release|Any CPU.Build.0 = Release|Any CPU
		{46D3C180-215F-4D23-A691-A8A8205E35A5}.Release|x64.ActiveCfg = Release|Any CPU
		{46D3C180-215F-4D23-A691-A8A8205E35A5}.Release|x64.Build.0 = Release|Any CPU
		{46D3C180-215F-4D23-A691-A8A8205E35A5}.Release|x86.ActiveCfg = Release|Any CPU
		{46D3C180-215F-4D23-A691-A8A8205E35A5}.Release|x86.Build.0 = Release|Any CPU
		{2A46EE2A-926D-4CEA-916F-6E92A2740486}.Debug|Any CPU.ActiveCfg = Debug|Any CPU
		{2A46EE2A-926D-4CEA-916F-6E92A2740486}.Debug|Any CPU.Build.0 = Debug|Any CPU
		{2A46EE2A-926D-4CEA-916F-6E92A2740486}.Debug|x64.ActiveCfg = Debug|Any CPU
		{2A46EE2A-926D-4CEA-916F-6E92A2740486}.Debug|x64.Build.0 = Debug|Any CPU
		{2A46EE2A-926D-4CEA-916F-6E92A2740486}.Debug|x86.ActiveCfg = Debug|Any CPU
		{2A46EE2A-926D-4CEA-916F-6E92A2740486}.Debug|x86.Build.0 = Debug|Any CPU
		{2A46EE2A-926D-4CEA-916F-6E92A2740486}.MaxOS-X-Debug|Any CPU.ActiveCfg = MaxOS-X-Debug|Any CPU
		{2A46EE2A-926D-4CEA-916F-6E92A2740486}.MaxOS-X-Debug|Any CPU.Build.0 = MaxOS-X-Debug|Any CPU
		{2A46EE2A-926D-4CEA-916F-6E92A2740486}.MaxOS-X-Debug|x64.ActiveCfg = MaxOS-X-Debug|Any CPU
		{2A46EE2A-926D-4CEA-916F-6E92A2740486}.MaxOS-X-Debug|x64.Build.0 = MaxOS-X-Debug|Any CPU
		{2A46EE2A-926D-4CEA-916F-6E92A2740486}.MaxOS-X-Debug|x86.ActiveCfg = MaxOS-X-Debug|Any CPU
		{2A46EE2A-926D-4CEA-916F-6E92A2740486}.MaxOS-X-Debug|x86.Build.0 = MaxOS-X-Debug|Any CPU
		{2A46EE2A-926D-4CEA-916F-6E92A2740486}.Release|Any CPU.ActiveCfg = Release|Any CPU
		{2A46EE2A-926D-4CEA-916F-6E92A2740486}.Release|Any CPU.Build.0 = Release|Any CPU
		{2A46EE2A-926D-4CEA-916F-6E92A2740486}.Release|x64.ActiveCfg = Release|Any CPU
		{2A46EE2A-926D-4CEA-916F-6E92A2740486}.Release|x64.Build.0 = Release|Any CPU
		{2A46EE2A-926D-4CEA-916F-6E92A2740486}.Release|x86.ActiveCfg = Release|Any CPU
		{2A46EE2A-926D-4CEA-916F-6E92A2740486}.Release|x86.Build.0 = Release|Any CPU
		{CA0DCE06-3D5E-0160-DEDE-E6C1B719599B}.Debug|Any CPU.ActiveCfg = Debug|Any CPU
		{CA0DCE06-3D5E-0160-DEDE-E6C1B719599B}.Debug|Any CPU.Build.0 = Debug|Any CPU
		{CA0DCE06-3D5E-0160-DEDE-E6C1B719599B}.Debug|x64.ActiveCfg = Debug|Any CPU
		{CA0DCE06-3D5E-0160-DEDE-E6C1B719599B}.Debug|x64.Build.0 = Debug|Any CPU
		{CA0DCE06-3D5E-0160-DEDE-E6C1B719599B}.Debug|x86.ActiveCfg = Debug|Any CPU
		{CA0DCE06-3D5E-0160-DEDE-E6C1B719599B}.Debug|x86.Build.0 = Debug|Any CPU
		{CA0DCE06-3D5E-0160-DEDE-E6C1B719599B}.MaxOS-X-Debug|Any CPU.ActiveCfg = Release|Any CPU
		{CA0DCE06-3D5E-0160-DEDE-E6C1B719599B}.MaxOS-X-Debug|Any CPU.Build.0 = Release|Any CPU
		{CA0DCE06-3D5E-0160-DEDE-E6C1B719599B}.MaxOS-X-Debug|x64.ActiveCfg = Release|Any CPU
		{CA0DCE06-3D5E-0160-DEDE-E6C1B719599B}.MaxOS-X-Debug|x64.Build.0 = Release|Any CPU
		{CA0DCE06-3D5E-0160-DEDE-E6C1B719599B}.MaxOS-X-Debug|x86.ActiveCfg = Release|Any CPU
		{CA0DCE06-3D5E-0160-DEDE-E6C1B719599B}.MaxOS-X-Debug|x86.Build.0 = Release|Any CPU
		{CA0DCE06-3D5E-0160-DEDE-E6C1B719599B}.Release|Any CPU.ActiveCfg = Release|Any CPU
		{CA0DCE06-3D5E-0160-DEDE-E6C1B719599B}.Release|Any CPU.Build.0 = Release|Any CPU
		{CA0DCE06-3D5E-0160-DEDE-E6C1B719599B}.Release|x64.ActiveCfg = Release|Any CPU
		{CA0DCE06-3D5E-0160-DEDE-E6C1B719599B}.Release|x64.Build.0 = Release|Any CPU
		{CA0DCE06-3D5E-0160-DEDE-E6C1B719599B}.Release|x86.ActiveCfg = Release|Any CPU
		{CA0DCE06-3D5E-0160-DEDE-E6C1B719599B}.Release|x86.Build.0 = Release|Any CPU
		{61BF5C2D-60FD-00C9-5904-F636119665EC}.Debug|Any CPU.ActiveCfg = Debug|Any CPU
		{61BF5C2D-60FD-00C9-5904-F636119665EC}.Debug|Any CPU.Build.0 = Debug|Any CPU
		{61BF5C2D-60FD-00C9-5904-F636119665EC}.Debug|x64.ActiveCfg = Debug|Any CPU
		{61BF5C2D-60FD-00C9-5904-F636119665EC}.Debug|x64.Build.0 = Debug|Any CPU
		{61BF5C2D-60FD-00C9-5904-F636119665EC}.Debug|x86.ActiveCfg = Debug|Any CPU
		{61BF5C2D-60FD-00C9-5904-F636119665EC}.Debug|x86.Build.0 = Debug|Any CPU
		{61BF5C2D-60FD-00C9-5904-F636119665EC}.MaxOS-X-Debug|Any CPU.ActiveCfg = Release|Any CPU
		{61BF5C2D-60FD-00C9-5904-F636119665EC}.MaxOS-X-Debug|Any CPU.Build.0 = Release|Any CPU
		{61BF5C2D-60FD-00C9-5904-F636119665EC}.MaxOS-X-Debug|x64.ActiveCfg = Release|Any CPU
		{61BF5C2D-60FD-00C9-5904-F636119665EC}.MaxOS-X-Debug|x64.Build.0 = Release|Any CPU
		{61BF5C2D-60FD-00C9-5904-F636119665EC}.MaxOS-X-Debug|x86.ActiveCfg = Release|Any CPU
		{61BF5C2D-60FD-00C9-5904-F636119665EC}.MaxOS-X-Debug|x86.Build.0 = Release|Any CPU
		{61BF5C2D-60FD-00C9-5904-F636119665EC}.Release|Any CPU.ActiveCfg = Release|Any CPU
		{61BF5C2D-60FD-00C9-5904-F636119665EC}.Release|Any CPU.Build.0 = Release|Any CPU
		{61BF5C2D-60FD-00C9-5904-F636119665EC}.Release|x64.ActiveCfg = Release|Any CPU
		{61BF5C2D-60FD-00C9-5904-F636119665EC}.Release|x64.Build.0 = Release|Any CPU
		{61BF5C2D-60FD-00C9-5904-F636119665EC}.Release|x86.ActiveCfg = Release|Any CPU
		{61BF5C2D-60FD-00C9-5904-F636119665EC}.Release|x86.Build.0 = Release|Any CPU
		{51C87B6C-D9A6-471B-9EBE-C8E270C5B944}.Debug|Any CPU.ActiveCfg = Debug|Any CPU
		{51C87B6C-D9A6-471B-9EBE-C8E270C5B944}.Debug|Any CPU.Build.0 = Debug|Any CPU
		{51C87B6C-D9A6-471B-9EBE-C8E270C5B944}.Debug|x64.ActiveCfg = Debug|Any CPU
		{51C87B6C-D9A6-471B-9EBE-C8E270C5B944}.Debug|x64.Build.0 = Debug|Any CPU
		{51C87B6C-D9A6-471B-9EBE-C8E270C5B944}.Debug|x86.ActiveCfg = Debug|Any CPU
		{51C87B6C-D9A6-471B-9EBE-C8E270C5B944}.Debug|x86.Build.0 = Debug|Any CPU
		{51C87B6C-D9A6-471B-9EBE-C8E270C5B944}.MaxOS-X-Debug|Any CPU.ActiveCfg = Release|Any CPU
		{51C87B6C-D9A6-471B-9EBE-C8E270C5B944}.MaxOS-X-Debug|Any CPU.Build.0 = Release|Any CPU
		{51C87B6C-D9A6-471B-9EBE-C8E270C5B944}.MaxOS-X-Debug|x64.ActiveCfg = Release|Any CPU
		{51C87B6C-D9A6-471B-9EBE-C8E270C5B944}.MaxOS-X-Debug|x64.Build.0 = Release|Any CPU
		{51C87B6C-D9A6-471B-9EBE-C8E270C5B944}.MaxOS-X-Debug|x86.ActiveCfg = Release|Any CPU
		{51C87B6C-D9A6-471B-9EBE-C8E270C5B944}.MaxOS-X-Debug|x86.Build.0 = Release|Any CPU
		{51C87B6C-D9A6-471B-9EBE-C8E270C5B944}.Release|Any CPU.ActiveCfg = Release|Any CPU
		{51C87B6C-D9A6-471B-9EBE-C8E270C5B944}.Release|Any CPU.Build.0 = Release|Any CPU
		{51C87B6C-D9A6-471B-9EBE-C8E270C5B944}.Release|x64.ActiveCfg = Release|Any CPU
		{51C87B6C-D9A6-471B-9EBE-C8E270C5B944}.Release|x64.Build.0 = Release|Any CPU
		{51C87B6C-D9A6-471B-9EBE-C8E270C5B944}.Release|x86.ActiveCfg = Release|Any CPU
		{51C87B6C-D9A6-471B-9EBE-C8E270C5B944}.Release|x86.Build.0 = Release|Any CPU
		{9F7FF8BE-E50E-4987-9F97-2C8C01D172C3}.Debug|Any CPU.ActiveCfg = Debug|Any CPU
		{9F7FF8BE-E50E-4987-9F97-2C8C01D172C3}.Debug|Any CPU.Build.0 = Debug|Any CPU
		{9F7FF8BE-E50E-4987-9F97-2C8C01D172C3}.Debug|x64.ActiveCfg = Debug|Any CPU
		{9F7FF8BE-E50E-4987-9F97-2C8C01D172C3}.Debug|x64.Build.0 = Debug|Any CPU
		{9F7FF8BE-E50E-4987-9F97-2C8C01D172C3}.Debug|x86.ActiveCfg = Debug|Any CPU
		{9F7FF8BE-E50E-4987-9F97-2C8C01D172C3}.Debug|x86.Build.0 = Debug|Any CPU
		{9F7FF8BE-E50E-4987-9F97-2C8C01D172C3}.MaxOS-X-Debug|Any CPU.ActiveCfg = Release|Any CPU
		{9F7FF8BE-E50E-4987-9F97-2C8C01D172C3}.MaxOS-X-Debug|Any CPU.Build.0 = Release|Any CPU
		{9F7FF8BE-E50E-4987-9F97-2C8C01D172C3}.MaxOS-X-Debug|x64.ActiveCfg = Release|Any CPU
		{9F7FF8BE-E50E-4987-9F97-2C8C01D172C3}.MaxOS-X-Debug|x64.Build.0 = Release|Any CPU
		{9F7FF8BE-E50E-4987-9F97-2C8C01D172C3}.MaxOS-X-Debug|x86.ActiveCfg = Release|Any CPU
		{9F7FF8BE-E50E-4987-9F97-2C8C01D172C3}.MaxOS-X-Debug|x86.Build.0 = Release|Any CPU
		{9F7FF8BE-E50E-4987-9F97-2C8C01D172C3}.Release|Any CPU.ActiveCfg = Release|Any CPU
		{9F7FF8BE-E50E-4987-9F97-2C8C01D172C3}.Release|Any CPU.Build.0 = Release|Any CPU
		{9F7FF8BE-E50E-4987-9F97-2C8C01D172C3}.Release|x64.ActiveCfg = Release|Any CPU
		{9F7FF8BE-E50E-4987-9F97-2C8C01D172C3}.Release|x64.Build.0 = Release|Any CPU
		{9F7FF8BE-E50E-4987-9F97-2C8C01D172C3}.Release|x86.ActiveCfg = Release|Any CPU
		{9F7FF8BE-E50E-4987-9F97-2C8C01D172C3}.Release|x86.Build.0 = Release|Any CPU
		{D195402F-8F56-4AD1-A4B5-0677B1DE2D72}.Debug|Any CPU.ActiveCfg = Debug|Any CPU
		{D195402F-8F56-4AD1-A4B5-0677B1DE2D72}.Debug|Any CPU.Build.0 = Debug|Any CPU
		{D195402F-8F56-4AD1-A4B5-0677B1DE2D72}.Debug|x64.ActiveCfg = Debug|Any CPU
		{D195402F-8F56-4AD1-A4B5-0677B1DE2D72}.Debug|x64.Build.0 = Debug|Any CPU
		{D195402F-8F56-4AD1-A4B5-0677B1DE2D72}.Debug|x86.ActiveCfg = Debug|Any CPU
		{D195402F-8F56-4AD1-A4B5-0677B1DE2D72}.Debug|x86.Build.0 = Debug|Any CPU
		{D195402F-8F56-4AD1-A4B5-0677B1DE2D72}.MaxOS-X-Debug|Any CPU.ActiveCfg = Debug|Any CPU
		{D195402F-8F56-4AD1-A4B5-0677B1DE2D72}.MaxOS-X-Debug|Any CPU.Build.0 = Debug|Any CPU
		{D195402F-8F56-4AD1-A4B5-0677B1DE2D72}.MaxOS-X-Debug|x64.ActiveCfg = Debug|Any CPU
		{D195402F-8F56-4AD1-A4B5-0677B1DE2D72}.MaxOS-X-Debug|x64.Build.0 = Debug|Any CPU
		{D195402F-8F56-4AD1-A4B5-0677B1DE2D72}.MaxOS-X-Debug|x86.ActiveCfg = Debug|Any CPU
		{D195402F-8F56-4AD1-A4B5-0677B1DE2D72}.MaxOS-X-Debug|x86.Build.0 = Debug|Any CPU
		{D195402F-8F56-4AD1-A4B5-0677B1DE2D72}.Release|Any CPU.ActiveCfg = Release|Any CPU
		{D195402F-8F56-4AD1-A4B5-0677B1DE2D72}.Release|Any CPU.Build.0 = Release|Any CPU
		{D195402F-8F56-4AD1-A4B5-0677B1DE2D72}.Release|x64.ActiveCfg = Release|Any CPU
		{D195402F-8F56-4AD1-A4B5-0677B1DE2D72}.Release|x64.Build.0 = Release|Any CPU
		{D195402F-8F56-4AD1-A4B5-0677B1DE2D72}.Release|x86.ActiveCfg = Release|Any CPU
		{D195402F-8F56-4AD1-A4B5-0677B1DE2D72}.Release|x86.Build.0 = Release|Any CPU
		{9CD5DD94-12B7-4390-B224-02EF2EB70290}.Debug|Any CPU.ActiveCfg = Debug|Any CPU
		{9CD5DD94-12B7-4390-B224-02EF2EB70290}.Debug|Any CPU.Build.0 = Debug|Any CPU
		{9CD5DD94-12B7-4390-B224-02EF2EB70290}.Debug|x64.ActiveCfg = Debug|Any CPU
		{9CD5DD94-12B7-4390-B224-02EF2EB70290}.Debug|x64.Build.0 = Debug|Any CPU
		{9CD5DD94-12B7-4390-B224-02EF2EB70290}.Debug|x86.ActiveCfg = Debug|Any CPU
		{9CD5DD94-12B7-4390-B224-02EF2EB70290}.Debug|x86.Build.0 = Debug|Any CPU
		{9CD5DD94-12B7-4390-B224-02EF2EB70290}.MaxOS-X-Debug|Any CPU.ActiveCfg = Debug|Any CPU
		{9CD5DD94-12B7-4390-B224-02EF2EB70290}.MaxOS-X-Debug|Any CPU.Build.0 = Debug|Any CPU
		{9CD5DD94-12B7-4390-B224-02EF2EB70290}.MaxOS-X-Debug|x64.ActiveCfg = Debug|Any CPU
		{9CD5DD94-12B7-4390-B224-02EF2EB70290}.MaxOS-X-Debug|x64.Build.0 = Debug|Any CPU
		{9CD5DD94-12B7-4390-B224-02EF2EB70290}.MaxOS-X-Debug|x86.ActiveCfg = Debug|Any CPU
		{9CD5DD94-12B7-4390-B224-02EF2EB70290}.MaxOS-X-Debug|x86.Build.0 = Debug|Any CPU
		{9CD5DD94-12B7-4390-B224-02EF2EB70290}.Release|Any CPU.ActiveCfg = Release|Any CPU
		{9CD5DD94-12B7-4390-B224-02EF2EB70290}.Release|Any CPU.Build.0 = Release|Any CPU
		{9CD5DD94-12B7-4390-B224-02EF2EB70290}.Release|x64.ActiveCfg = Release|Any CPU
		{9CD5DD94-12B7-4390-B224-02EF2EB70290}.Release|x64.Build.0 = Release|Any CPU
		{9CD5DD94-12B7-4390-B224-02EF2EB70290}.Release|x86.ActiveCfg = Release|Any CPU
		{9CD5DD94-12B7-4390-B224-02EF2EB70290}.Release|x86.Build.0 = Release|Any CPU
		{DB789463-A263-44B5-AEC5-7F6FA0E8B74E}.Debug|Any CPU.ActiveCfg = Debug|Any CPU
		{DB789463-A263-44B5-AEC5-7F6FA0E8B74E}.Debug|Any CPU.Build.0 = Debug|Any CPU
		{DB789463-A263-44B5-AEC5-7F6FA0E8B74E}.Debug|x64.ActiveCfg = Debug|Any CPU
		{DB789463-A263-44B5-AEC5-7F6FA0E8B74E}.Debug|x64.Build.0 = Debug|Any CPU
		{DB789463-A263-44B5-AEC5-7F6FA0E8B74E}.Debug|x86.ActiveCfg = Debug|Any CPU
		{DB789463-A263-44B5-AEC5-7F6FA0E8B74E}.Debug|x86.Build.0 = Debug|Any CPU
		{DB789463-A263-44B5-AEC5-7F6FA0E8B74E}.MaxOS-X-Debug|Any CPU.ActiveCfg = Debug|Any CPU
		{DB789463-A263-44B5-AEC5-7F6FA0E8B74E}.MaxOS-X-Debug|Any CPU.Build.0 = Debug|Any CPU
		{DB789463-A263-44B5-AEC5-7F6FA0E8B74E}.MaxOS-X-Debug|x64.ActiveCfg = Debug|Any CPU
		{DB789463-A263-44B5-AEC5-7F6FA0E8B74E}.MaxOS-X-Debug|x64.Build.0 = Debug|Any CPU
		{DB789463-A263-44B5-AEC5-7F6FA0E8B74E}.MaxOS-X-Debug|x86.ActiveCfg = Debug|Any CPU
		{DB789463-A263-44B5-AEC5-7F6FA0E8B74E}.MaxOS-X-Debug|x86.Build.0 = Debug|Any CPU
		{DB789463-A263-44B5-AEC5-7F6FA0E8B74E}.Release|Any CPU.ActiveCfg = Release|Any CPU
		{DB789463-A263-44B5-AEC5-7F6FA0E8B74E}.Release|Any CPU.Build.0 = Release|Any CPU
		{DB789463-A263-44B5-AEC5-7F6FA0E8B74E}.Release|x64.ActiveCfg = Release|Any CPU
		{DB789463-A263-44B5-AEC5-7F6FA0E8B74E}.Release|x64.Build.0 = Release|Any CPU
		{DB789463-A263-44B5-AEC5-7F6FA0E8B74E}.Release|x86.ActiveCfg = Release|Any CPU
		{DB789463-A263-44B5-AEC5-7F6FA0E8B74E}.Release|x86.Build.0 = Release|Any CPU
		{BA221526-AFC6-432E-AD32-A34CDDF2E4C6}.Debug|Any CPU.ActiveCfg = Debug|Any CPU
		{BA221526-AFC6-432E-AD32-A34CDDF2E4C6}.Debug|Any CPU.Build.0 = Debug|Any CPU
		{BA221526-AFC6-432E-AD32-A34CDDF2E4C6}.Debug|x64.ActiveCfg = Debug|Any CPU
		{BA221526-AFC6-432E-AD32-A34CDDF2E4C6}.Debug|x64.Build.0 = Debug|Any CPU
		{BA221526-AFC6-432E-AD32-A34CDDF2E4C6}.Debug|x86.ActiveCfg = Debug|Any CPU
		{BA221526-AFC6-432E-AD32-A34CDDF2E4C6}.Debug|x86.Build.0 = Debug|Any CPU
		{BA221526-AFC6-432E-AD32-A34CDDF2E4C6}.MaxOS-X-Debug|Any CPU.ActiveCfg = Debug|Any CPU
		{BA221526-AFC6-432E-AD32-A34CDDF2E4C6}.MaxOS-X-Debug|Any CPU.Build.0 = Debug|Any CPU
		{BA221526-AFC6-432E-AD32-A34CDDF2E4C6}.MaxOS-X-Debug|x64.ActiveCfg = Debug|Any CPU
		{BA221526-AFC6-432E-AD32-A34CDDF2E4C6}.MaxOS-X-Debug|x64.Build.0 = Debug|Any CPU
		{BA221526-AFC6-432E-AD32-A34CDDF2E4C6}.MaxOS-X-Debug|x86.ActiveCfg = Debug|Any CPU
		{BA221526-AFC6-432E-AD32-A34CDDF2E4C6}.MaxOS-X-Debug|x86.Build.0 = Debug|Any CPU
		{BA221526-AFC6-432E-AD32-A34CDDF2E4C6}.Release|Any CPU.ActiveCfg = Release|Any CPU
		{BA221526-AFC6-432E-AD32-A34CDDF2E4C6}.Release|Any CPU.Build.0 = Release|Any CPU
		{BA221526-AFC6-432E-AD32-A34CDDF2E4C6}.Release|x64.ActiveCfg = Release|Any CPU
		{BA221526-AFC6-432E-AD32-A34CDDF2E4C6}.Release|x64.Build.0 = Release|Any CPU
		{BA221526-AFC6-432E-AD32-A34CDDF2E4C6}.Release|x86.ActiveCfg = Release|Any CPU
		{BA221526-AFC6-432E-AD32-A34CDDF2E4C6}.Release|x86.Build.0 = Release|Any CPU
		{2F898A42-3ECD-43AE-8826-8076B658DDF4}.Debug|Any CPU.ActiveCfg = Debug|Any CPU
		{2F898A42-3ECD-43AE-8826-8076B658DDF4}.Debug|Any CPU.Build.0 = Debug|Any CPU
		{2F898A42-3ECD-43AE-8826-8076B658DDF4}.Debug|x64.ActiveCfg = Debug|Any CPU
		{2F898A42-3ECD-43AE-8826-8076B658DDF4}.Debug|x64.Build.0 = Debug|Any CPU
		{2F898A42-3ECD-43AE-8826-8076B658DDF4}.Debug|x86.ActiveCfg = Debug|Any CPU
		{2F898A42-3ECD-43AE-8826-8076B658DDF4}.Debug|x86.Build.0 = Debug|Any CPU
		{2F898A42-3ECD-43AE-8826-8076B658DDF4}.MaxOS-X-Debug|Any CPU.ActiveCfg = MaxOS-X-Debug|Any CPU
		{2F898A42-3ECD-43AE-8826-8076B658DDF4}.MaxOS-X-Debug|Any CPU.Build.0 = MaxOS-X-Debug|Any CPU
		{2F898A42-3ECD-43AE-8826-8076B658DDF4}.MaxOS-X-Debug|x64.ActiveCfg = MaxOS-X-Debug|Any CPU
		{2F898A42-3ECD-43AE-8826-8076B658DDF4}.MaxOS-X-Debug|x64.Build.0 = MaxOS-X-Debug|Any CPU
		{2F898A42-3ECD-43AE-8826-8076B658DDF4}.MaxOS-X-Debug|x86.ActiveCfg = MaxOS-X-Debug|Any CPU
		{2F898A42-3ECD-43AE-8826-8076B658DDF4}.MaxOS-X-Debug|x86.Build.0 = MaxOS-X-Debug|Any CPU
		{2F898A42-3ECD-43AE-8826-8076B658DDF4}.Release|Any CPU.ActiveCfg = Release|Any CPU
		{2F898A42-3ECD-43AE-8826-8076B658DDF4}.Release|Any CPU.Build.0 = Release|Any CPU
		{2F898A42-3ECD-43AE-8826-8076B658DDF4}.Release|x64.ActiveCfg = Release|Any CPU
		{2F898A42-3ECD-43AE-8826-8076B658DDF4}.Release|x64.Build.0 = Release|Any CPU
		{2F898A42-3ECD-43AE-8826-8076B658DDF4}.Release|x86.ActiveCfg = Release|Any CPU
		{2F898A42-3ECD-43AE-8826-8076B658DDF4}.Release|x86.Build.0 = Release|Any CPU
	EndGlobalSection
	GlobalSection(SolutionProperties) = preSolution
		HideSolutionNode = FALSE
	EndGlobalSection
	GlobalSection(ExtensibilityGlobals) = postSolution
		SolutionGuid = {170100C1-0141-4A68-B3B0-BEF145EDD46C}
	EndGlobalSection
EndGlobal
